
Microsoft Visual Studio Solution File, Format Version 12.00
# Visual Studio Version 16
VisualStudioVersion = 16.0.29201.188
MinimumVisualStudioVersion = 10.0.40219.1
Project("{FAE04EC0-301F-11D3-BF4B-00C04F79EFBC}") = "FinanceManager", "FinanceManager\FinanceManager.csproj", "{827CADBA-4B0F-4431-88CA-0CB9C228C2D8}"
EndProject
Project("{FAE04EC0-301F-11D3-BF4B-00C04F79EFBC}") = "FinanceManager.Forms", "FinanceManager.Forms\FinanceManager.Forms.csproj", "{CC01F875-DBEF-4685-BA1F-36745C5D0E59}"
EndProject
Global
	GlobalSection(SolutionConfigurationPlatforms) = preSolution
		Debug|Any CPU = Debug|Any CPU
		Release|Any CPU = Release|Any CPU
	EndGlobalSection
	GlobalSection(ProjectConfigurationPlatforms) = postSolution
		{827CADBA-4B0F-4431-88CA-0CB9C228C2D8}.Debug|Any CPU.ActiveCfg = Debug|Any CPU
		{827CADBA-4B0F-4431-88CA-0CB9C228C2D8}.Debug|Any CPU.Build.0 = Debug|Any CPU
		{827CADBA-4B0F-4431-88CA-0CB9C228C2D8}.Release|Any CPU.ActiveCfg = Release|Any CPU
		{827CADBA-4B0F-4431-88CA-0CB9C228C2D8}.Release|Any CPU.Build.0 = Release|Any CPU
		{CC01F875-DBEF-4685-BA1F-36745C5D0E59}.Debug|Any CPU.ActiveCfg = Debug|Any CPU
		{CC01F875-DBEF-4685-BA1F-36745C5D0E59}.Debug|Any CPU.Build.0 = Debug|Any CPU
		{CC01F875-DBEF-4685-BA1F-36745C5D0E59}.Release|Any CPU.ActiveCfg = Release|Any CPU
		{CC01F875-DBEF-4685-BA1F-36745C5D0E59}.Release|Any CPU.Build.0 = Release|Any CPU
	EndGlobalSection
	GlobalSection(SolutionProperties) = preSolution
		HideSolutionNode = FALSE
	EndGlobalSection
	GlobalSection(ExtensibilityGlobals) = postSolution
		SolutionGuid = {7FDCED21-9CEB-4CCA-9697-F4328162D921}
	EndGlobalSection
EndGlobal
