
Microsoft Visual Studio Solution File, Format Version 12.00
# Visual Studio Version 16
VisualStudioVersion = 16.0.29201.188
MinimumVisualStudioVersion = 10.0.40219.1
Project("{FAE04EC0-301F-11D3-BF4B-00C04F79EFBC}") = "FinanceManager.Forms", "FinanceManager.Forms\FinanceManager.Forms.csproj", "{CC01F875-DBEF-4685-BA1F-36745C5D0E59}"
EndProject
Project("{FAE04EC0-301F-11D3-BF4B-00C04F79EFBC}") = "BTCAnalysis.Forms", "BTCAnalysis.Forms.MainForm\BTCAnalysis.Forms.csproj", "{80080577-80E1-484F-8E6B-5226ED7D3152}"
EndProject
Project("{FAE04EC0-301F-11D3-BF4B-00C04F79EFBC}") = "BTCAnalysis", "BTCAnalysis\BTCAnalysis.csproj", "{7883F26A-6AA3-4B4D-A689-C1F214C9AE74}"
EndProject
Project("{FAE04EC0-301F-11D3-BF4B-00C04F79EFBC}") = "ChunkGenerator", "ChunkGenerator\ChunkGenerator.csproj", "{2A79B151-CF14-44FA-B010-BA54FEF90FC4}"
EndProject
Project("{FAE04EC0-301F-11D3-BF4B-00C04F79EFBC}") = "WaitLib", "WaitLib\WaitLib.csproj", "{E8BA1362-69BE-487D-973D-C5A94BBE3776}"
EndProject
Project("{FAE04EC0-301F-11D3-BF4B-00C04F79EFBC}") = "FinanceManager.Console", "FinanceManager.Console\FinanceManager.Console.csproj", "{72B46EF3-D409-45F3-B493-264D493F9051}"
EndProject
Global
	GlobalSection(SolutionConfigurationPlatforms) = preSolution
		Debug|Any CPU = Debug|Any CPU
		Release|Any CPU = Release|Any CPU
	EndGlobalSection
	GlobalSection(ProjectConfigurationPlatforms) = postSolution
		{CC01F875-DBEF-4685-BA1F-36745C5D0E59}.Debug|Any CPU.ActiveCfg = Debug|Any CPU
		{CC01F875-DBEF-4685-BA1F-36745C5D0E59}.Debug|Any CPU.Build.0 = Debug|Any CPU
		{CC01F875-DBEF-4685-BA1F-36745C5D0E59}.Release|Any CPU.ActiveCfg = Release|Any CPU
		{CC01F875-DBEF-4685-BA1F-36745C5D0E59}.Release|Any CPU.Build.0 = Release|Any CPU
		{80080577-80E1-484F-8E6B-5226ED7D3152}.Debug|Any CPU.ActiveCfg = Debug|Any CPU
		{80080577-80E1-484F-8E6B-5226ED7D3152}.Debug|Any CPU.Build.0 = Debug|Any CPU
		{80080577-80E1-484F-8E6B-5226ED7D3152}.Release|Any CPU.ActiveCfg = Release|Any CPU
		{80080577-80E1-484F-8E6B-5226ED7D3152}.Release|Any CPU.Build.0 = Release|Any CPU
		{7883F26A-6AA3-4B4D-A689-C1F214C9AE74}.Debug|Any CPU.ActiveCfg = Debug|Any CPU
		{7883F26A-6AA3-4B4D-A689-C1F214C9AE74}.Debug|Any CPU.Build.0 = Debug|Any CPU
		{7883F26A-6AA3-4B4D-A689-C1F214C9AE74}.Release|Any CPU.ActiveCfg = Release|Any CPU
		{7883F26A-6AA3-4B4D-A689-C1F214C9AE74}.Release|Any CPU.Build.0 = Release|Any CPU
		{2A79B151-CF14-44FA-B010-BA54FEF90FC4}.Debug|Any CPU.ActiveCfg = Debug|Any CPU
		{2A79B151-CF14-44FA-B010-BA54FEF90FC4}.Debug|Any CPU.Build.0 = Debug|Any CPU
		{2A79B151-CF14-44FA-B010-BA54FEF90FC4}.Release|Any CPU.ActiveCfg = Release|Any CPU
		{2A79B151-CF14-44FA-B010-BA54FEF90FC4}.Release|Any CPU.Build.0 = Release|Any CPU
		{E8BA1362-69BE-487D-973D-C5A94BBE3776}.Debug|Any CPU.ActiveCfg = Debug|Any CPU
		{E8BA1362-69BE-487D-973D-C5A94BBE3776}.Debug|Any CPU.Build.0 = Debug|Any CPU
		{E8BA1362-69BE-487D-973D-C5A94BBE3776}.Release|Any CPU.ActiveCfg = Release|Any CPU
		{E8BA1362-69BE-487D-973D-C5A94BBE3776}.Release|Any CPU.Build.0 = Release|Any CPU
		{72B46EF3-D409-45F3-B493-264D493F9051}.Debug|Any CPU.ActiveCfg = Debug|Any CPU
		{72B46EF3-D409-45F3-B493-264D493F9051}.Debug|Any CPU.Build.0 = Debug|Any CPU
		{72B46EF3-D409-45F3-B493-264D493F9051}.Release|Any CPU.ActiveCfg = Release|Any CPU
		{72B46EF3-D409-45F3-B493-264D493F9051}.Release|Any CPU.Build.0 = Release|Any CPU
	EndGlobalSection
	GlobalSection(SolutionProperties) = preSolution
		HideSolutionNode = FALSE
	EndGlobalSection
	GlobalSection(ExtensibilityGlobals) = postSolution
		SolutionGuid = {7FDCED21-9CEB-4CCA-9697-F4328162D921}
	EndGlobalSection
EndGlobal
